
Microsoft Visual Studio Solution File, Format Version 12.00
# Visual Studio Version 17
VisualStudioVersion = 17.2.32630.192
MinimumVisualStudioVersion = 10.0.40219.1
Project("{9A19103F-16F7-4668-BE54-9A1E7A4F7556}") = "FFMpeg", "src\FFMpeg\FFMpeg.csproj", "{B5A00B41-0C58-4AF0-BA3B-A13874EB8CE8}"
EndProject
Project("{9A19103F-16F7-4668-BE54-9A1E7A4F7556}") = "FFMpeg.Tests", "src\FFMpeg.Tests\FFMpeg.Tests.csproj", "{50EA742C-E9B6-4BCA-8263-F22F111BF991}"
EndProject
Project("{9A19103F-16F7-4668-BE54-9A1E7A4F7556}") = "NormaliseAudio.Console", "src\NormaliseAudio.Console\NormaliseAudio.Console.csproj", "{384F00A0-4FEB-4827-8120-3E2461A1C0FD}"
EndProject
Project("{9A19103F-16F7-4668-BE54-9A1E7A4F7556}") = "FFMpeg.Abstractions", "src\FFMpeg.Abstractions\FFMpeg.Abstractions.csproj", "{1630C7D0-A85F-4D32-AD5C-64D9F3C02BFE}"
EndProject
Project("{9A19103F-16F7-4668-BE54-9A1E7A4F7556}") = "NormaliseAudio.Api", "src\NormaliseAudio.Api\NormaliseAudio.Api.csproj", "{B17E9426-1A7B-4C94-8BFD-BD919E551032}"
EndProject
Project("{9A19103F-16F7-4668-BE54-9A1E7A4F7556}") = "Files.Abstractions", "src\Files.Abstractions\Files.Abstractions.csproj", "{E47B5290-54BB-4BB6-A7BE-2C8BE1F14AA4}"
EndProject
Project("{9A19103F-16F7-4668-BE54-9A1E7A4F7556}") = "Files", "src\Files\Files.csproj", "{5C7ED6F8-DE2D-401D-9B6C-AAA521804650}"
EndProject
Project("{9A19103F-16F7-4668-BE54-9A1E7A4F7556}") = "Files.Tests", "src\Files.Tests\Files.Tests.csproj", "{8EB04823-007F-41E9-8040-43CB413D531A}"
EndProject
Global
	GlobalSection(SolutionConfigurationPlatforms) = preSolution
		Debug|Any CPU = Debug|Any CPU
		Release|Any CPU = Release|Any CPU
	EndGlobalSection
	GlobalSection(ProjectConfigurationPlatforms) = postSolution
		{B5A00B41-0C58-4AF0-BA3B-A13874EB8CE8}.Debug|Any CPU.ActiveCfg = Debug|Any CPU
		{B5A00B41-0C58-4AF0-BA3B-A13874EB8CE8}.Debug|Any CPU.Build.0 = Debug|Any CPU
		{B5A00B41-0C58-4AF0-BA3B-A13874EB8CE8}.Release|Any CPU.ActiveCfg = Release|Any CPU
		{B5A00B41-0C58-4AF0-BA3B-A13874EB8CE8}.Release|Any CPU.Build.0 = Release|Any CPU
		{50EA742C-E9B6-4BCA-8263-F22F111BF991}.Debug|Any CPU.ActiveCfg = Debug|Any CPU
		{50EA742C-E9B6-4BCA-8263-F22F111BF991}.Debug|Any CPU.Build.0 = Debug|Any CPU
		{50EA742C-E9B6-4BCA-8263-F22F111BF991}.Release|Any CPU.ActiveCfg = Release|Any CPU
		{50EA742C-E9B6-4BCA-8263-F22F111BF991}.Release|Any CPU.Build.0 = Release|Any CPU
		{384F00A0-4FEB-4827-8120-3E2461A1C0FD}.Debug|Any CPU.ActiveCfg = Debug|Any CPU
		{384F00A0-4FEB-4827-8120-3E2461A1C0FD}.Debug|Any CPU.Build.0 = Debug|Any CPU
		{384F00A0-4FEB-4827-8120-3E2461A1C0FD}.Release|Any CPU.ActiveCfg = Release|Any CPU
		{384F00A0-4FEB-4827-8120-3E2461A1C0FD}.Release|Any CPU.Build.0 = Release|Any CPU
		{1630C7D0-A85F-4D32-AD5C-64D9F3C02BFE}.Debug|Any CPU.ActiveCfg = Debug|Any CPU
		{1630C7D0-A85F-4D32-AD5C-64D9F3C02BFE}.Debug|Any CPU.Build.0 = Debug|Any CPU
		{1630C7D0-A85F-4D32-AD5C-64D9F3C02BFE}.Release|Any CPU.ActiveCfg = Release|Any CPU
		{1630C7D0-A85F-4D32-AD5C-64D9F3C02BFE}.Release|Any CPU.Build.0 = Release|Any CPU
		{B17E9426-1A7B-4C94-8BFD-BD919E551032}.Debug|Any CPU.ActiveCfg = Debug|Any CPU
		{B17E9426-1A7B-4C94-8BFD-BD919E551032}.Debug|Any CPU.Build.0 = Debug|Any CPU
		{B17E9426-1A7B-4C94-8BFD-BD919E551032}.Release|Any CPU.ActiveCfg = Release|Any CPU
		{B17E9426-1A7B-4C94-8BFD-BD919E551032}.Release|Any CPU.Build.0 = Release|Any CPU
		{E47B5290-54BB-4BB6-A7BE-2C8BE1F14AA4}.Debug|Any CPU.ActiveCfg = Debug|Any CPU
		{E47B5290-54BB-4BB6-A7BE-2C8BE1F14AA4}.Debug|Any CPU.Build.0 = Debug|Any CPU
		{E47B5290-54BB-4BB6-A7BE-2C8BE1F14AA4}.Release|Any CPU.ActiveCfg = Release|Any CPU
		{E47B5290-54BB-4BB6-A7BE-2C8BE1F14AA4}.Release|Any CPU.Build.0 = Release|Any CPU
		{5C7ED6F8-DE2D-401D-9B6C-AAA521804650}.Debug|Any CPU.ActiveCfg = Debug|Any CPU
		{5C7ED6F8-DE2D-401D-9B6C-AAA521804650}.Debug|Any CPU.Build.0 = Debug|Any CPU
		{5C7ED6F8-DE2D-401D-9B6C-AAA521804650}.Release|Any CPU.ActiveCfg = Release|Any CPU
		{5C7ED6F8-DE2D-401D-9B6C-AAA521804650}.Release|Any CPU.Build.0 = Release|Any CPU
		{8EB04823-007F-41E9-8040-43CB413D531A}.Debug|Any CPU.ActiveCfg = Debug|Any CPU
		{8EB04823-007F-41E9-8040-43CB413D531A}.Debug|Any CPU.Build.0 = Debug|Any CPU
		{8EB04823-007F-41E9-8040-43CB413D531A}.Release|Any CPU.ActiveCfg = Release|Any CPU
		{8EB04823-007F-41E9-8040-43CB413D531A}.Release|Any CPU.Build.0 = Release|Any CPU
	EndGlobalSection
	GlobalSection(SolutionProperties) = preSolution
		HideSolutionNode = FALSE
	EndGlobalSection
	GlobalSection(ExtensibilityGlobals) = postSolution
		SolutionGuid = {783F1F5A-29A0-4EF7-8345-EE7E15909B42}
	EndGlobalSection
EndGlobal
